lockfileVersion: 5.4

specifiers:
  '@citizenfx/client': 2.0.5790-1
  typescript: ^4.7.4

dependencies:
  '@citizenfx/client': 2.0.5790-1

devDependencies:
  typescript: 4.7.4

packages:

  /@citizenfx/client/2.0.5790-1:
    resolution: {integrity: sha512-NJkACSTAuxAki9RHxiP7taOuoPiugySq3pwmU0f7SZp9h6Kg4KWYYfhY2I2B/XDo5+tPbTklIR2JJBp7L8uP6Q==}
    dev: false

  /typescript/4.7.4:
    resolution: {integrity: sha512-C0WQT0gezHuw6AdY1M2jxUO83Rjf0HP7Sk1DtXj6j1EwkQNZrHAg2XPWlq62oqEhYvONq5pkC2Y9oPljWToLmQ==}
    engines: {node: '>=4.2.0'}
    hasBin: true
    dev: true
